
Microsoft Visual Studio Solution File, Format Version 12.00
# Visual Studio Version 17
VisualStudioVersion = 17.14.36414.22 d17.14
MinimumVisualStudioVersion = 10.0.40219.1
Project("{FAE04EC0-301F-11D3-BF4B-00C04F79EFBC}") = "Ejercicio 5- S8", "Ejercicio 5- S8\Ejercicio 5- S8.csproj", "{EA828304-F522-4346-9024-A9296B7AB9E2}"
EndProject
Global
	GlobalSection(SolutionConfigurationPlatforms) = preSolution
		Debug|Any CPU = Debug|Any CPU
		Release|Any CPU = Release|Any CPU
	EndGlobalSection
	GlobalSection(ProjectConfigurationPlatforms) = postSolution
		{EA828304-F522-4346-9024-A9296B7AB9E2}.Debug|Any CPU.ActiveCfg = Debug|Any CPU
		{EA828304-F522-4346-9024-A9296B7AB9E2}.Debug|Any CPU.Build.0 = Debug|Any CPU
		{EA828304-F522-4346-9024-A9296B7AB9E2}.Release|Any CPU.ActiveCfg = Release|Any CPU
		{EA828304-F522-4346-9024-A9296B7AB9E2}.Release|Any CPU.Build.0 = Release|Any CPU
	EndGlobalSection
	GlobalSection(SolutionProperties) = preSolution
		HideSolutionNode = FALSE
	EndGlobalSection
	GlobalSection(ExtensibilityGlobals) = postSolution
		SolutionGuid = {BE99F0F6-713E-4E50-9578-D15615CE5B65}
	EndGlobalSection
EndGlobal
